
Microsoft Visual Studio Solution File, Format Version 12.00
Project("{FAE04EC0-301F-11D3-BF4B-00C04F79EFBC}") = "SummerPractice1.Core", "SummerPractice1.Core\SummerPractice1.Core.csproj", "{E57FBA60-1BCC-4DC9-B30B-79F9292F2736}"
EndProject
Project("{FAE04EC0-301F-11D3-BF4B-00C04F79EFBC}") = "SummerPractice1.Main", "SummerPractice1.Main\SummerPractice1.Main.csproj", "{692BF7A8-EC11-4FFF-BC33-3501714EDD61}"
EndProject
Global
	GlobalSection(SolutionConfigurationPlatforms) = preSolution
		Debug|Any CPU = Debug|Any CPU
		Release|Any CPU = Release|Any CPU
	EndGlobalSection
	GlobalSection(ProjectConfigurationPlatforms) = postSolution
		{E57FBA60-1BCC-4DC9-B30B-79F9292F2736}.Debug|Any CPU.ActiveCfg = Debug|Any CPU
		{E57FBA60-1BCC-4DC9-B30B-79F9292F2736}.Debug|Any CPU.Build.0 = Debug|Any CPU
		{E57FBA60-1BCC-4DC9-B30B-79F9292F2736}.Release|Any CPU.ActiveCfg = Release|Any CPU
		{E57FBA60-1BCC-4DC9-B30B-79F9292F2736}.Release|Any CPU.Build.0 = Release|Any CPU
		{692BF7A8-EC11-4FFF-BC33-3501714EDD61}.Debug|Any CPU.ActiveCfg = Debug|Any CPU
		{692BF7A8-EC11-4FFF-BC33-3501714EDD61}.Debug|Any CPU.Build.0 = Debug|Any CPU
		{692BF7A8-EC11-4FFF-BC33-3501714EDD61}.Release|Any CPU.ActiveCfg = Release|Any CPU
		{692BF7A8-EC11-4FFF-BC33-3501714EDD61}.Release|Any CPU.Build.0 = Release|Any CPU
	EndGlobalSection
EndGlobal
